
Microsoft Visual Studio Solution File, Format Version 12.00
# Visual Studio Version 17
VisualStudioVersion = 17.4.33213.308
MinimumVisualStudioVersion = 10.0.40219.1
Project("{FAE04EC0-301F-11D3-BF4B-00C04F79EFBC}") = "Xadrez-C", "ProjetoX\Xadrez-C.csproj", "{2172E42D-1E2F-479C-9D01-6235A02F055E}"
EndProject
Global
	GlobalSection(SolutionConfigurationPlatforms) = preSolution
		Debug|Any CPU = Debug|Any CPU
		Release|Any CPU = Release|Any CPU
	EndGlobalSection
	GlobalSection(ProjectConfigurationPlatforms) = postSolution
		{2172E42D-1E2F-479C-9D01-6235A02F055E}.Debug|Any CPU.ActiveCfg = Debug|Any CPU
		{2172E42D-1E2F-479C-9D01-6235A02F055E}.Debug|Any CPU.Build.0 = Debug|Any CPU
		{2172E42D-1E2F-479C-9D01-6235A02F055E}.Release|Any CPU.ActiveCfg = Release|Any CPU
		{2172E42D-1E2F-479C-9D01-6235A02F055E}.Release|Any CPU.Build.0 = Release|Any CPU
	EndGlobalSection
	GlobalSection(SolutionProperties) = preSolution
		HideSolutionNode = FALSE
	EndGlobalSection
	GlobalSection(ExtensibilityGlobals) = postSolution
		SolutionGuid = {9C4CE07C-35BB-49CF-AD69-09B86BC4FE83}
	EndGlobalSection
EndGlobal
